
Microsoft Visual Studio Solution File, Format Version 12.00
# Visual Studio Version 17
VisualStudioVersion = 17.5.33424.131
MinimumVisualStudioVersion = 10.0.40219.1
Project("{FAE04EC0-301F-11D3-BF4B-00C04F79EFBC}") = "Geolocalizacion.Android", "Geolocalizacion.Android\Geolocalizacion.Android.csproj", "{4233493A-6F55-4E6A-A7CB-781234E6D4BC}"
EndProject
Project("{FAE04EC0-301F-11D3-BF4B-00C04F79EFBC}") = "Geolocalizacion.iOS", "Geolocalizacion.iOS\Geolocalizacion.iOS.csproj", "{7B3D89E1-937D-4FEF-A9D5-AB2317A0FBC2}"
EndProject
Project("{FAE04EC0-301F-11D3-BF4B-00C04F79EFBC}") = "Geolocalizacion", "Geolocalizacion\Geolocalizacion.csproj", "{D6C7E506-1243-49DE-B293-C459A69CEF3D}"
EndProject
Global
	GlobalSection(SolutionConfigurationPlatforms) = preSolution
		Debug|Any CPU = Debug|Any CPU
		Debug|iPhone = Debug|iPhone
		Debug|iPhoneSimulator = Debug|iPhoneSimulator
		Release|Any CPU = Release|Any CPU
		Release|iPhone = Release|iPhone
		Release|iPhoneSimulator = Release|iPhoneSimulator
	EndGlobalSection
	GlobalSection(ProjectConfigurationPlatforms) = postSolution
		{4233493A-6F55-4E6A-A7CB-781234E6D4BC}.Debug|Any CPU.ActiveCfg = Debug|Any CPU
		{4233493A-6F55-4E6A-A7CB-781234E6D4BC}.Debug|Any CPU.Build.0 = Debug|Any CPU
		{4233493A-6F55-4E6A-A7CB-781234E6D4BC}.Debug|Any CPU.Deploy.0 = Debug|Any CPU
		{4233493A-6F55-4E6A-A7CB-781234E6D4BC}.Debug|iPhone.ActiveCfg = Debug|Any CPU
		{4233493A-6F55-4E6A-A7CB-781234E6D4BC}.Debug|iPhone.Build.0 = Debug|Any CPU
		{4233493A-6F55-4E6A-A7CB-781234E6D4BC}.Debug|iPhone.Deploy.0 = Debug|Any CPU
		{4233493A-6F55-4E6A-A7CB-781234E6D4BC}.Debug|iPhoneSimulator.ActiveCfg = Debug|Any CPU
		{4233493A-6F55-4E6A-A7CB-781234E6D4BC}.Debug|iPhoneSimulator.Build.0 = Debug|Any CPU
		{4233493A-6F55-4E6A-A7CB-781234E6D4BC}.Debug|iPhoneSimulator.Deploy.0 = Debug|Any CPU
		{4233493A-6F55-4E6A-A7CB-781234E6D4BC}.Release|Any CPU.ActiveCfg = Release|Any CPU
		{4233493A-6F55-4E6A-A7CB-781234E6D4BC}.Release|Any CPU.Build.0 = Release|Any CPU
		{4233493A-6F55-4E6A-A7CB-781234E6D4BC}.Release|Any CPU.Deploy.0 = Release|Any CPU
		{4233493A-6F55-4E6A-A7CB-781234E6D4BC}.Release|iPhone.ActiveCfg = Release|Any CPU
		{4233493A-6F55-4E6A-A7CB-781234E6D4BC}.Release|iPhone.Build.0 = Release|Any CPU
		{4233493A-6F55-4E6A-A7CB-781234E6D4BC}.Release|iPhone.Deploy.0 = Release|Any CPU
		{4233493A-6F55-4E6A-A7CB-781234E6D4BC}.Release|iPhoneSimulator.ActiveCfg = Release|Any CPU
		{4233493A-6F55-4E6A-A7CB-781234E6D4BC}.Release|iPhoneSimulator.Build.0 = Release|Any CPU
		{4233493A-6F55-4E6A-A7CB-781234E6D4BC}.Release|iPhoneSimulator.Deploy.0 = Release|Any CPU
		{7B3D89E1-937D-4FEF-A9D5-AB2317A0FBC2}.Debug|Any CPU.ActiveCfg = Debug|iPhone
		{7B3D89E1-937D-4FEF-A9D5-AB2317A0FBC2}.Debug|Any CPU.Build.0 = Debug|iPhone
		{7B3D89E1-937D-4FEF-A9D5-AB2317A0FBC2}.Debug|Any CPU.Deploy.0 = Debug|iPhone
		{7B3D89E1-937D-4FEF-A9D5-AB2317A0FBC2}.Debug|iPhone.ActiveCfg = Debug|iPhone
		{7B3D89E1-937D-4FEF-A9D5-AB2317A0FBC2}.Debug|iPhone.Build.0 = Debug|iPhone
		{7B3D89E1-937D-4FEF-A9D5-AB2317A0FBC2}.Debug|iPhone.Deploy.0 = Debug|iPhone
		{7B3D89E1-937D-4FEF-A9D5-AB2317A0FBC2}.Debug|iPhoneSimulator.ActiveCfg = Debug|iPhoneSimulator
		{7B3D89E1-937D-4FEF-A9D5-AB2317A0FBC2}.Debug|iPhoneSimulator.Build.0 = Debug|iPhoneSimulator
		{7B3D89E1-937D-4FEF-A9D5-AB2317A0FBC2}.Debug|iPhoneSimulator.Deploy.0 = Debug|iPhoneSimulator
		{7B3D89E1-937D-4FEF-A9D5-AB2317A0FBC2}.Release|Any CPU.ActiveCfg = Release|iPhoneSimulator
		{7B3D89E1-937D-4FEF-A9D5-AB2317A0FBC2}.Release|Any CPU.Build.0 = Release|iPhoneSimulator
		{7B3D89E1-937D-4FEF-A9D5-AB2317A0FBC2}.Release|Any CPU.Deploy.0 = Release|iPhoneSimulator
		{7B3D89E1-937D-4FEF-A9D5-AB2317A0FBC2}.Release|iPhone.ActiveCfg = Release|iPhone
		{7B3D89E1-937D-4FEF-A9D5-AB2317A0FBC2}.Release|iPhone.Build.0 = Release|iPhone
		{7B3D89E1-937D-4FEF-A9D5-AB2317A0FBC2}.Release|iPhone.Deploy.0 = Release|iPhone
		{7B3D89E1-937D-4FEF-A9D5-AB2317A0FBC2}.Release|iPhoneSimulator.ActiveCfg = Release|iPhoneSimulator
		{7B3D89E1-937D-4FEF-A9D5-AB2317A0FBC2}.Release|iPhoneSimulator.Build.0 = Release|iPhoneSimulator
		{7B3D89E1-937D-4FEF-A9D5-AB2317A0FBC2}.Release|iPhoneSimulator.Deploy.0 = Release|iPhoneSimulator
		{D6C7E506-1243-49DE-B293-C459A69CEF3D}.Debug|Any CPU.ActiveCfg = Debug|Any CPU
		{D6C7E506-1243-49DE-B293-C459A69CEF3D}.Debug|Any CPU.Build.0 = Debug|Any CPU
		{D6C7E506-1243-49DE-B293-C459A69CEF3D}.Debug|Any CPU.Deploy.0 = Debug|Any CPU
		{D6C7E506-1243-49DE-B293-C459A69CEF3D}.Debug|iPhone.ActiveCfg = Debug|Any CPU
		{D6C7E506-1243-49DE-B293-C459A69CEF3D}.Debug|iPhone.Build.0 = Debug|Any CPU
		{D6C7E506-1243-49DE-B293-C459A69CEF3D}.Debug|iPhone.Deploy.0 = Debug|Any CPU
		{D6C7E506-1243-49DE-B293-C459A69CEF3D}.Debug|iPhoneSimulator.ActiveCfg = Debug|Any CPU
		{D6C7E506-1243-49DE-B293-C459A69CEF3D}.Debug|iPhoneSimulator.Build.0 = Debug|Any CPU
		{D6C7E506-1243-49DE-B293-C459A69CEF3D}.Debug|iPhoneSimulator.Deploy.0 = Debug|Any CPU
		{D6C7E506-1243-49DE-B293-C459A69CEF3D}.Release|Any CPU.ActiveCfg = Release|Any CPU
		{D6C7E506-1243-49DE-B293-C459A69CEF3D}.Release|Any CPU.Build.0 = Release|Any CPU
		{D6C7E506-1243-49DE-B293-C459A69CEF3D}.Release|Any CPU.Deploy.0 = Release|Any CPU
		{D6C7E506-1243-49DE-B293-C459A69CEF3D}.Release|iPhone.ActiveCfg = Release|Any CPU
		{D6C7E506-1243-49DE-B293-C459A69CEF3D}.Release|iPhone.Build.0 = Release|Any CPU
		{D6C7E506-1243-49DE-B293-C459A69CEF3D}.Release|iPhone.Deploy.0 = Release|Any CPU
		{D6C7E506-1243-49DE-B293-C459A69CEF3D}.Release|iPhoneSimulator.ActiveCfg = Release|Any CPU
		{D6C7E506-1243-49DE-B293-C459A69CEF3D}.Release|iPhoneSimulator.Build.0 = Release|Any CPU
		{D6C7E506-1243-49DE-B293-C459A69CEF3D}.Release|iPhoneSimulator.Deploy.0 = Release|Any CPU
	EndGlobalSection
	GlobalSection(SolutionProperties) = preSolution
		HideSolutionNode = FALSE
	EndGlobalSection
	GlobalSection(ExtensibilityGlobals) = postSolution
		SolutionGuid = {D4073228-88EE-4080-9179-7918DACCBA21}
	EndGlobalSection
EndGlobal
